hash: 7cb39f602253304eba8828ebbd33ac1d387ba11a8e818abcaa8feb9295775862
updated: 2019-04-23T14:44:27.123153578-05:00
imports:
- name: github.com/anonymouse64/configurator
  version: 71763768840e9709474044abdd1a02b6a56b87b6
  subpackages:
  - tomlconfigurator
- name: github.com/eclipse/paho.mqtt.golang
  version: adca289fdcf8c883800aafa545bc263452290bae
- name: github.com/edgexfoundry/edgex-go
  version: 996c06895153f62347005a0c8a04887357af9b80
  subpackages:
  - pkg/clients
  - pkg/clients/types
  - pkg/models
- name: github.com/influxdata/influxdb1-client
  version: 8ff2fc3824fcb533795f9a2f233275f0bb18d6c5
  subpackages:
  - models
  - pkg/escape
  - v2
- name: github.com/jessevdk/go-flags
  version: c6ca198ec95c841fdb89fc0de7496fed11ab854e
- name: github.com/pelletier/go-toml
  version: 63909f0a90ab0f36909e8e044e46ace10cf13ba2
- name: gopkg.in/mgo.v2
  version: 3f83fa5005286a7fe593b055f0d7771a7dce4655
  subpackages:
  - bson
  - internal/json
- name: gopkg.in/yaml.v2
  version: 51d6538a90f86fe93ac480b35f37b2be17fef232
testImports: []
